
Microsoft Visual Studio Solution File, Format Version 12.00
# Visual Studio Version 17
VisualStudioVersion = 17.9.34728.123
MinimumVisualStudioVersion = 10.0.40219.1
Project("{FAE04EC0-301F-11D3-BF4B-00C04F79EFBC}") = "WpfApp1", "WpfApp1\WpfApp1.csproj", "{64197C34-6F69-42AC-8BFB-88ED20E08B62}"
EndProject
Global
	GlobalSection(SolutionConfigurationPlatforms) = preSolution
		Debug|Any CPU = Debug|Any CPU
		Release|Any CPU = Release|Any CPU
	EndGlobalSection
	GlobalSection(ProjectConfigurationPlatforms) = postSolution
		{64197C34-6F69-42AC-8BFB-88ED20E08B62}.Debug|Any CPU.ActiveCfg = Debug|Any CPU
		{64197C34-6F69-42AC-8BFB-88ED20E08B62}.Debug|Any CPU.Build.0 = Debug|Any CPU
		{64197C34-6F69-42AC-8BFB-88ED20E08B62}.Release|Any CPU.ActiveCfg = Release|Any CPU
		{64197C34-6F69-42AC-8BFB-88ED20E08B62}.Release|Any CPU.Build.0 = Release|Any CPU
	EndGlobalSection
	GlobalSection(SolutionProperties) = preSolution
		HideSolutionNode = FALSE
	EndGlobalSection
	GlobalSection(ExtensibilityGlobals) = postSolution
		SolutionGuid = {AECE36FA-2225-4B66-BC3D-85AAB5018C84}
	EndGlobalSection
EndGlobal
